
Microsoft Visual Studio Solution File, Format Version 12.00
# Visual Studio 2015
Project("{FAE04EC0-301F-11D3-BF4B-00C04F79EFBC}") = "AR_test", "AR_test.csproj", "{82B67CE0-244A-E61B-0142-F9421DE4278E}"
EndProject
Project("{FAE04EC0-301F-11D3-BF4B-00C04F79EFBC}") = "AR_test.Editor", "AR_test.Editor.csproj", "{FDFB5CCF-2F3E-9D68-58F6-BA17F0E291A9}"
EndProject
Global
	GlobalSection(SolutionConfigurationPlatforms) = preSolution
		Debug|Any CPU = Debug|Any CPU
		Release|Any CPU = Release|Any CPU
	EndGlobalSection
	GlobalSection(ProjectConfigurationPlatforms) = postSolution
		{82B67CE0-244A-E61B-0142-F9421DE4278E}.Debug|Any CPU.ActiveCfg = Debug|Any CPU
		{82B67CE0-244A-E61B-0142-F9421DE4278E}.Debug|Any CPU.Build.0 = Debug|Any CPU
		{82B67CE0-244A-E61B-0142-F9421DE4278E}.Release|Any CPU.ActiveCfg = Release|Any CPU
		{82B67CE0-244A-E61B-0142-F9421DE4278E}.Release|Any CPU.Build.0 = Release|Any CPU
		{FDFB5CCF-2F3E-9D68-58F6-BA17F0E291A9}.Debug|Any CPU.ActiveCfg = Debug|Any CPU
		{FDFB5CCF-2F3E-9D68-58F6-BA17F0E291A9}.Debug|Any CPU.Build.0 = Debug|Any CPU
		{FDFB5CCF-2F3E-9D68-58F6-BA17F0E291A9}.Release|Any CPU.ActiveCfg = Release|Any CPU
		{FDFB5CCF-2F3E-9D68-58F6-BA17F0E291A9}.Release|Any CPU.Build.0 = Release|Any CPU
	EndGlobalSection
	GlobalSection(SolutionProperties) = preSolution
		HideSolutionNode = FALSE
	EndGlobalSection
EndGlobal
