
Microsoft Visual Studio Solution File, Format Version 12.00
# Visual Studio 2015
Project("{FAE04EC0-301F-11D3-BF4B-00C04F79EFBC}") = "ARAD.CSharp", "ARAD.CSharp.csproj", "{125D7076-22B0-D1C1-BA66-3EABD3387967}"
EndProject
Project("{FAE04EC0-301F-11D3-BF4B-00C04F79EFBC}") = "ARAD.CSharp.Editor", "ARAD.CSharp.Editor.csproj", "{C61F766C-A10E-5054-9012-DF8CE514545B}"
EndProject
Global
	GlobalSection(SolutionConfigurationPlatforms) = preSolution
		Debug|Any CPU = Debug|Any CPU
		Release|Any CPU = Release|Any CPU
	EndGlobalSection
	GlobalSection(ProjectConfigurationPlatforms) = postSolution
		{125D7076-22B0-D1C1-BA66-3EABD3387967}.Debug|Any CPU.ActiveCfg = Debug|Any CPU
		{125D7076-22B0-D1C1-BA66-3EABD3387967}.Debug|Any CPU.Build.0 = Debug|Any CPU
		{125D7076-22B0-D1C1-BA66-3EABD3387967}.Release|Any CPU.ActiveCfg = Release|Any CPU
		{125D7076-22B0-D1C1-BA66-3EABD3387967}.Release|Any CPU.Build.0 = Release|Any CPU
		{C61F766C-A10E-5054-9012-DF8CE514545B}.Debug|Any CPU.ActiveCfg = Debug|Any CPU
		{C61F766C-A10E-5054-9012-DF8CE514545B}.Debug|Any CPU.Build.0 = Debug|Any CPU
		{C61F766C-A10E-5054-9012-DF8CE514545B}.Release|Any CPU.ActiveCfg = Release|Any CPU
		{C61F766C-A10E-5054-9012-DF8CE514545B}.Release|Any CPU.Build.0 = Release|Any CPU
	EndGlobalSection
	GlobalSection(SolutionProperties) = preSolution
		HideSolutionNode = FALSE
	EndGlobalSection
EndGlobal
